{
  "name": "API_CASE",
  "lockfileVersion": 3,
  "requires": true,
  "packages": {
    "": {
      "devDependencies": {
        "allure-commandline": "^2.43.0"
      }
    },
    "node_modules/allure-commandline": {
      "version": "2.43.0",
      "resolved": "https://registry.npmjs.org/allure-commandline/-/allure-commandline-2.43.0.tgz",
      "integrity": "sha512-nsqccDOgi80fi9WjvBapZjlFlugodVWudotNtWx6XKiSI7NuN6oTWEkXnkxQBzNg02Yf9lZLtCFlKvjAlcpu6Q==",
      "dev": true,
      "license": "Apache-2.0",
      "bin": {
        "allure": "bin/allure"
      }
    }
  }
}
